// !$*UTF8*$!
{
	archiveVersion = 1;
	classes = {
	};
	objectVersion = 77;
	objects = {

/* Begin PBXContainerItemProxy section */
		C7356FA72D73E74600204877 /* PBXContainerItemProxy */ = {
			isa = PBXContainerItemProxy;
			containerPortal = C7356F8C2D73E74500204877 /* Project object */;
			proxyType = 1;
			remoteGlobalIDString = C7356F932D73E74500204877;
			remoteInfo = ListOfRecipes;
		};
		C7356FB12D73E74600204877 /* PBXContainerItemProxy */ = {
			isa = PBXContainerItemProxy;
			containerPortal = C7356F8C2D73E74500204877 /* Project object */;
			proxyType = 1;
			remoteGlobalIDString = C7356F932D73E74500204877;
			remoteInfo = ListOfRecipes;
		};
/* End PBXContainerItemProxy section */

/* Begin PBXFileReference section */
		C7356F942D73E74500204877 /* ListOfRecipes.app */ = {isa = PBXFileReference; explicitFileType = wrapper.application; includeInIndex = 0; path = ListOfRecipes.app; sourceTree = BUILT_PRODUCTS_DIR; };
		C7356FA62D73E74600204877 /* ListOfRecipesTests.xctest */ = {isa = PBXFileReference; explicitFileType = wrapper.cfbundle; includeInIndex = 0; path = ListOfRecipesTests.xctest; sourceTree = BUILT_PRODUCTS_DIR; };
		C7356FB02D73E74600204877 /* ListOfRecipesUITests.xctest */ = {isa = PBXFileReference; explicitFileType = wrapper.cfbundle; includeInIndex = 0; path = ListOfRecipesUITests.xctest; sourceTree = BUILT_PRODUCTS_DIR; };
/* End PBXFileReference section */

/* Begin PBXFileSystemSynchronizedBuildFileExceptionSet section */
		C735702D2D7E6DFA00204877 /* Exceptions for "ListOfRecipesTests" folder in "ListOfRecipesTests" target */ = {
			isa = PBXFileSystemSynchronizedBuildFileExceptionSet;
			membershipExceptions = (
				recipes.json,
			);
			target = C7356FA52D73E74600204877 /* ListOfRecipesTests */;
		};
/* End PBXFileSystemSynchronizedBuildFileExceptionSet section */

/* Begin PBXFileSystemSynchronizedGroupBuildPhaseMembershipExceptionSet section */
		C735702E2D7E6DFA00204877 /* Exceptions for "ListOfRecipesTests" folder in "Compile Sources" phase from "ListOfRecipesTests" target */ = {
			isa = PBXFileSystemSynchronizedGroupBuildPhaseMembershipExceptionSet;
			buildPhase = C7356FA22D73E74600204877 /* Sources */;
			membershipExceptions = (
				recipes.json,
			);
		};
/* End PBXFileSystemSynchronizedGroupBuildPhaseMembershipExceptionSet section */

/* Begin PBXFileSystemSynchronizedRootGroup section */
		C7356F962D73E74500204877 /* ListOfRecipes */ = {
			isa = PBXFileSystemSynchronizedRootGroup;
			path = ListOfRecipes;
			sourceTree = "<group>";
		};
		C7356FA92D73E74600204877 /* ListOfRecipesTests */ = {
			isa = PBXFileSystemSynchronizedRootGroup;
			exceptions = (
				C735702D2D7E6DFA00204877 /* Exceptions for "ListOfRecipesTests" folder in "ListOfRecipesTests" target */,
				C735702E2D7E6DFA00204877 /* Exceptions for "ListOfRecipesTests" folder in "Compile Sources" phase from "ListOfRecipesTests" target */,
			);
			path = ListOfRecipesTests;
			sourceTree = "<group>";
		};
		C7356FB32D73E74600204877 /* ListOfRecipesUITests */ = {
			isa = PBXFileSystemSynchronizedRootGroup;
			path = ListOfRecipesUITests;
			sourceTree = "<group>";
		};
		C7356FCC2D73F22300204877 /* Preview Content */ = {
			isa = PBXFileSystemSynchronizedRootGroup;
			path = "Preview Content";
			sourceTree = "<group>";
		};
/* End PBXFileSystemSynchronizedRootGroup section */

/* Begin PBXFrameworksBuildPhase section */
		C7356F912D73E74500204877 /* Frameworks */ = {
			isa = PBXFrameworksBuildPhase;
			buildActionMask = 2147483647;
			files = (
			);
			runOnlyForDeploymentPostprocessing = 0;
		};
		C7356FA32D73E74600204877 /* Frameworks */ = {
			isa = PBXFrameworksBuildPhase;
			buildActionMask = 2147483647;
			files = (
			);
			runOnlyForDeploymentPostprocessing = 0;
		};
		C7356FAD2D73E74600204877 /* Frameworks */ = {
			isa = PBXFrameworksBuildPhase;
			buildActionMask = 2147483647;
			files = (
			);
			runOnlyForDeploymentPostprocessing = 0;
		};
/* End PBXFrameworksBuildPhase section */

/* Begin PBXGroup section */
		C7356F8B2D73E74500204877 = {
			isa = PBXGroup;
			children = (
				C7356F962D73E74500204877 /* ListOfRecipes */,
				C7356FCC2D73F22300204877 /* Preview Content */,
				C7356FA92D73E74600204877 /* ListOfRecipesTests */,
				C7356FB32D73E74600204877 /* ListOfRecipesUITests */,
				C7356F952D73E74500204877 /* Products */,
			);
			sourceTree = "<group>";
		};
		C7356F952D73E74500204877 /* Products */ = {
			isa = PBXGroup;
			children = (
				C7356F942D73E74500204877 /* ListOfRecipes.app */,
				C7356FA62D73E74600204877 /* ListOfRecipesTests.xctest */,
				C7356FB02D73E74600204877 /* ListOfRecipesUITests.xctest */,
			);
			name = Products;
			sourceTree = "<group>";
		};
/* End PBXGroup section */

/* Begin PBXNativeTarget section */
		C7356F932D73E74500204877 /* ListOfRecipes */ = {
			isa = PBXNativeTarget;
			buildConfigurationList = C7356FBA2D73E74600204877 /* Build configuration list for PBXNativeTarget "ListOfRecipes" */;
			buildPhases = (
				C7356F902D73E74500204877 /* Sources */,
				C7356F912D73E74500204877 /* Frameworks */,
				C7356F922D73E74500204877 /* Resources */,
			);
			buildRules = (
			);
			dependencies = (
			);
			fileSystemSynchronizedGroups = (
				C7356F962D73E74500204877 /* ListOfRecipes */,
				C7356FCC2D73F22300204877 /* Preview Content */,
			);
			name = ListOfRecipes;
			packageProductDependencies = (
			);
			productName = ListOfRecipes;
			productReference = C7356F942D73E74500204877 /* ListOfRecipes.app */;
			productType = "com.apple.product-type.application";
		};
		C7356FA52D73E74600204877 /* ListOfRecipesTests */ = {
			isa = PBXNativeTarget;
			buildConfigurationList = C7356FBD2D73E74600204877 /* Build configuration list for PBXNativeTarget "ListOfRecipesTests" */;
			buildPhases = (
				C7356FA22D73E74600204877 /* Sources */,
				C7356FA32D73E74600204877 /* Frameworks */,
				C7356FA42D73E74600204877 /* Resources */,
			);
			buildRules = (
			);
			dependencies = (
				C7356FA82D73E74600204877 /* PBXTargetDependency */,
			);
			fileSystemSynchronizedGroups = (
				C7356FA92D73E74600204877 /* ListOfRecipesTests */,
			);
			name = ListOfRecipesTests;
			packageProductDependencies = (
			);
			productName = ListOfRecipesTests;
			productReference = C7356FA62D73E74600204877 /* ListOfRecipesTests.xctest */;
			productType = "com.apple.product-type.bundle.unit-test";
		};
		C7356FAF2D73E74600204877 /* ListOfRecipesUITests */ = {
			isa = PBXNativeTarget;
			buildConfigurationList = C7356FC02D73E74600204877 /* Build configuration list for PBXNativeTarget "ListOfRecipesUITests" */;
			buildPhases = (
				C7356FAC2D73E74600204877 /* Sources */,
				C7356FAD2D73E74600204877 /* Frameworks */,
				C7356FAE2D73E74600204877 /* Resources */,
			);
			buildRules = (
			);
			dependencies = (
				C7356FB22D73E74600204877 /* PBXTargetDependency */,
			);
			fileSystemSynchronizedGroups = (
				C7356FB32D73E74600204877 /* ListOfRecipesUITests */,
			);
			name = ListOfRecipesUITests;
			packageProductDependencies = (
			);
			productName = ListOfRecipesUITests;
			productReference = C7356FB02D73E74600204877 /* ListOfRecipesUITests.xctest */;
			productType = "com.apple.product-type.bundle.ui-testing";
		};
/* End PBXNativeTarget section */

/* Begin PBXProject section */
		C7356F8C2D73E74500204877 /* Project object */ = {
			isa = PBXProject;
			attributes = {
				BuildIndependentTargetsInParallel = 1;
				LastSwiftUpdateCheck = 1620;
				LastUpgradeCheck = 1620;
				TargetAttributes = {
					C7356F932D73E74500204877 = {
						CreatedOnToolsVersion = 16.2;
					};
					C7356FA52D73E74600204877 = {
						CreatedOnToolsVersion = 16.2;
						TestTargetID = C7356F932D73E74500204877;
					};
					C7356FAF2D73E74600204877 = {
						CreatedOnToolsVersion = 16.2;
						TestTargetID = C7356F932D73E74500204877;
					};
				};
			};
			buildConfigurationList = C7356F8F2D73E74500204877 /* Build configuration list for PBXProject "ListOfRecipes" */;
			developmentRegion = en;
			hasScannedForEncodings = 0;
			knownRegions = (
				en,
				Base,
			);
			mainGroup = C7356F8B2D73E74500204877;
			minimizedProjectReferenceProxies = 1;
			preferredProjectObjectVersion = 77;
			productRefGroup = C7356F952D73E74500204877 /* Products */;
			projectDirPath = "";
			projectRoot = "";
			targets = (
				C7356F932D73E74500204877 /* ListOfRecipes */,
				C7356FA52D73E74600204877 /* ListOfRecipesTests */,
				C7356FAF2D73E74600204877 /* ListOfRecipesUITests */,
			);
		};
/* End PBXProject section */

/* Begin PBXResourcesBuildPhase section */
		C7356F922D73E74500204877 /* Resources */ = {
			isa = PBXResourcesBuildPhase;
			buildActionMask = 2147483647;
			files = (
			);
			runOnlyForDeploymentPostprocessing = 0;
		};
		C7356FA42D73E74600204877 /* Resources */ = {
			isa = PBXResourcesBuildPhase;
			buildActionMask = 2147483647;
			files = (
			);
			runOnlyForDeploymentPostprocessing = 0;
		};
		C7356FAE2D73E74600204877 /* Resources */ = {
			isa = PBXResourcesBuildPhase;
			buildActionMask = 2147483647;
			files = (
			);
			runOnlyForDeploymentPostprocessing = 0;
		};
/* End PBXResourcesBuildPhase section */

/* Begin PBXSourcesBuildPhase section */
		C7356F902D73E74500204877 /* Sources */ = {
			isa = PBXSourcesBuildPhase;
			buildActionMask = 2147483647;
			files = (
			);
			runOnlyForDeploymentPostprocessing = 0;
		};
		C7356FA22D73E74600204877 /* Sources */ = {
			isa = PBXSourcesBuildPhase;
			buildActionMask = 2147483647;
			files = (
			);
			runOnlyForDeploymentPostprocessing = 0;
		};
		C7356FAC2D73E74600204877 /* Sources */ = {
			isa = PBXSourcesBuildPhase;
			buildActionMask = 2147483647;
			files = (
			);
			runOnlyForDeploymentPostprocessing = 0;
		};
/* End PBXSourcesBuildPhase section */

/* Begin PBXTargetDependency section */
		C7356FA82D73E74600204877 /* PBXTargetDependency */ = {
			isa = PBXTargetDependency;
			target = C7356F932D73E74500204877 /* ListOfRecipes */;
			targetProxy = C7356FA72D73E74600204877 /* PBXContainerItemProxy */;
		};
		C7356FB22D73E74600204877 /* PBXTargetDependency */ = {
			isa = PBXTargetDependency;
			target = C7356F932D73E74500204877 /* ListOfRecipes */;
			targetProxy = C7356FB12D73E74600204877 /* PBXContainerItemProxy */;
		};
/* End PBXTargetDependency section */

/* Begin XCBuildConfiguration section */
		C7356FB82D73E74600204877 /* Debug */ = {
			isa = XCBuildConfiguration;
			buildSettings = {
				ALWAYS_SEARCH_USER_PATHS = NO;
				ASSETCATALOG_COMPILER_GENERATE_SWIFT_ASSET_SYMBOL_EXTENSIONS = YES;
				CLANG_ANALYZER_NONNULL = YES;
				CLANG_ANALYZER_NUMBER_OBJECT_CONVERSION = YES_AGGRESSIVE;
				CLANG_CXX_LANGUAGE_STANDARD = "gnu++20";
				CLANG_ENABLE_MODULES = YES;
				CLANG_ENABLE_OBJC_ARC = YES;
				CLANG_ENABLE_OBJC_WEAK = YES;
				CLANG_WARN_BLOCK_CAPTURE_AUTORELEASING = YES;
				CLANG_WARN_BOOL_CONVERSION = YES;
				CLANG_WARN_COMMA = YES;
				CLANG_WARN_CONSTANT_CONVERSION = YES;
				CLANG_WARN_DEPRECATED_OBJC_IMPLEMENTATIONS = YES;
				CLANG_WARN_DIRECT_OBJC_ISA_USAGE = YES_ERROR;
				CLANG_WARN_DOCUMENTATION_COMMENTS = YES;
				CLANG_WARN_EMPTY_BODY = YES;
				CLANG_WARN_ENUM_CONVERSION = YES;
				CLANG_WARN_INFINITE_RECURSION = YES;
				CLANG_WARN_INT_CONVERSION = YES;
				CLANG_WARN_NON_LITERAL_NULL_CONVERSION = YES;
				CLANG_WARN_OBJC_IMPLICIT_RETAIN_SELF = YES;
				CLANG_WARN_OBJC_LITERAL_CONVERSION = YES;
				CLANG_WARN_OBJC_ROOT_CLASS = YES_ERROR;
				CLANG_WARN_QUOTED_INCLUDE_IN_FRAMEWORK_HEADER = YES;
				CLANG_WARN_RANGE_LOOP_ANALYSIS = YES;
				CLANG_WARN_STRICT_PROTOTYPES = YES;
				CLANG_WARN_SUSPICIOUS_MOVE = YES;
				CLANG_WARN_UNGUARDED_AVAILABILITY = YES_AGGRESSIVE;
				CLANG_WARN_UNREACHABLE_CODE = YES;
				CLANG_WARN__DUPLICATE_METHOD_MATCH = YES;
				COPY_PHASE_STRIP = NO;
				DEBUG_INFORMATION_FORMAT = dwarf;
				ENABLE_STRICT_OBJC_MSGSEND = YES;
				ENABLE_TESTABILITY = YES;
				ENABLE_USER_SCRIPT_SANDBOXING = YES;
				GCC_C_LANGUAGE_STANDARD = gnu17;
				GCC_DYNAMIC_NO_PIC = NO;
				GCC_NO_COMMON_BLOCKS = YES;
				GCC_OPTIMIZATION_LEVEL = 0;
				GCC_PREPROCESSOR_DEFINITIONS = (
					"DEBUG=1",
					"$(inherited)",
				);
				GCC_WARN_64_TO_32_BIT_CONVERSION = YES;
				GCC_WARN_ABOUT_RETURN_TYPE = YES_ERROR;
				GCC_WARN_UNDECLARED_SELECTOR = YES;
				GCC_WARN_UNINITIALIZED_AUTOS = YES_AGGRESSIVE;
				GCC_WARN_UNUSED_FUNCTION = YES;
				GCC_WARN_UNUSED_VARIABLE = YES;
				IPHONEOS_DEPLOYMENT_TARGET = 18.2;
				LOCALIZATION_PREFERS_STRING_CATALOGS = YES;
				MTL_ENABLE_DEBUG_INFO = INCLUDE_SOURCE;
				MTL_FAST_MATH = YES;
				ONLY_ACTIVE_ARCH = YES;
				SDKROOT = iphoneos;
				SWIFT_ACTIVE_COMPILATION_CONDITIONS = "DEBUG $(inherited)";
				SWIFT_OPTIMIZATION_LEVEL = "-Onone";
			};
			name = Debug;
		};
		C7356FB92D73E74600204877 /* Release */ = {
			isa = XCBuildConfiguration;
			buildSettings = {
				ALWAYS_SEARCH_USER_PATHS = NO;
				ASSETCATALOG_COMPILER_GENERATE_SWIFT_ASSET_SYMBOL_EXTENSIONS = YES;
				CLANG_ANALYZER_NONNULL = YES;
				CLANG_ANALYZER_NUMBER_OBJECT_CONVERSION = YES_AGGRESSIVE;
				CLANG_CXX_LANGUAGE_STANDARD = "gnu++20";
				CLANG_ENABLE_MODULES = YES;
				CLANG_ENABLE_OBJC_ARC = YES;
				CLANG_ENABLE_OBJC_WEAK = YES;
				CLANG_WARN_BLOCK_CAPTURE_AUTORELEASING = YES;
				CLANG_WARN_BOOL_CONVERSION = YES;
				CLANG_WARN_COMMA = YES;
				CLANG_WARN_CONSTANT_CONVERSION = YES;
				CLANG_WARN_DEPRECATED_OBJC_IMPLEMENTATIONS = YES;
				CLANG_WARN_DIRECT_OBJC_ISA_USAGE = YES_ERROR;
				CLANG_WARN_DOCUMENTATION_COMMENTS = YES;
				CLANG_WARN_EMPTY_BODY = YES;
				CLANG_WARN_ENUM_CONVERSION = YES;
				CLANG_WARN_INFINITE_RECURSION = YES;
				CLANG_WARN_INT_CONVERSION = YES;
				CLANG_WARN_NON_LITERAL_NULL_CONVERSION = YES;
				CLANG_WARN_OBJC_IMPLICIT_RETAIN_SELF = YES;
				CLANG_WARN_OBJC_LITERAL_CONVERSION = YES;
				CLANG_WARN_OBJC_ROOT_CLASS = YES_ERROR;
				CLANG_WARN_QUOTED_INCLUDE_IN_FRAMEWORK_HEADER = YES;
				CLANG_WARN_RANGE_LOOP_ANALYSIS = YES;
				CLANG_WARN_STRICT_PROTOTYPES = YES;
				CLANG_WARN_SUSPICIOUS_MOVE = YES;
				CLANG_WARN_UNGUARDED_AVAILABILITY = YES_AGGRESSIVE;
				CLANG_WARN_UNREACHABLE_CODE = YES;
				CLANG_WARN__DUPLICATE_METHOD_MATCH = YES;
				COPY_PHASE_STRIP = NO;
				DEBUG_INFORMATION_FORMAT = "dwarf-with-dsym";
				ENABLE_NS_ASSERTIONS = NO;
				ENABLE_STRICT_OBJC_MSGSEND = YES;
				ENABLE_USER_SCRIPT_SANDBOXING = YES;
				GCC_C_LANGUAGE_STANDARD = gnu17;
				GCC_NO_COMMON_BLOCKS = YES;
				GCC_WARN_64_TO_32_BIT_CONVERSION = YES;
				GCC_WARN_ABOUT_RETURN_TYPE = YES_ERROR;
				GCC_WARN_UNDECLARED_SELECTOR = YES;
				GCC_WARN_UNINITIALIZED_AUTOS = YES_AGGRESSIVE;
				GCC_WARN_UNUSED_FUNCTION = YES;
				GCC_WARN_UNUSED_VARIABLE = YES;
				IPHONEOS_DEPLOYMENT_TARGET = 18.2;
				LOCALIZATION_PREFERS_STRING_CATALOGS = YES;
				MTL_ENABLE_DEBUG_INFO = NO;
				MTL_FAST_MATH = YES;
				SDKROOT = iphoneos;
				SWIFT_COMPILATION_MODE = wholemodule;
				VALIDATE_PRODUCT = YES;
			};
			name = Release;
		};
		C7356FBB2D73E74600204877 /* Debug */ = {
			isa = XCBuildConfiguration;
			buildSettings = {
				ASSETCATALOG_COMPILER_APPICON_NAME = AppIcon;
				ASSETCATALOG_COMPILER_GLOBAL_ACCENT_COLOR_NAME = AccentColor;
				CODE_SIGN_STYLE = Automatic;
				CURRENT_PROJECT_VERSION = 1;
				DEVELOPMENT_ASSET_PATHS = "";
				ENABLE_PREVIEWS = YES;
				GENERATE_INFOPLIST_FILE = YES;
				INFOPLIST_KEY_UIApplicationSceneManifest_Generation = YES;
				INFOPLIST_KEY_UIApplicationSupportsIndirectInputEvents = YES;
				INFOPLIST_KEY_UILaunchScreen_Generation = YES;
				INFOPLIST_KEY_UISupportedInterfaceOrientations_iPad = "UIInterfaceOrientationPortrait UIInterfaceOrientationPortraitUpsideDown UIInterfaceOrientationLandscapeLeft UIInterfaceOrientationLandscapeRight";
				INFOPLIST_KEY_UISupportedInterfaceOrientations_iPhone = "UIInterfaceOrientationPortrait UIInterfaceOrientationLandscapeLeft UIInterfaceOrientationLandscapeRight";
				LD_RUNPATH_SEARCH_PATHS = (
					"$(inherited)",
					"@executable_path/Frameworks",
				);
				MARKETING_VERSION = 1.0;
				PRODUCT_BUNDLE_IDENTIFIER = come.bash.ListOfRecipes;
				PRODUCT_NAME = "$(TARGET_NAME)";
				SWIFT_EMIT_LOC_STRINGS = YES;
				SWIFT_VERSION = 5.0;
				TARGETED_DEVICE_FAMILY = "1,2";
			};
			name = Debug;
		};
		C7356FBC2D73E74600204877 /* Release */ = {
			isa = XCBuildConfiguration;
			buildSettings = {
				ASSETCATALOG_COMPILER_APPICON_NAME = AppIcon;
				ASSETCATALOG_COMPILER_GLOBAL_ACCENT_COLOR_NAME = AccentColor;
				CODE_SIGN_STYLE = Automatic;
				CURRENT_PROJECT_VERSION = 1;
				DEVELOPMENT_ASSET_PATHS = "";
				ENABLE_PREVIEWS = YES;
				GENERATE_INFOPLIST_FILE = YES;
				INFOPLIST_KEY_UIApplicationSceneManifest_Generation = YES;
				INFOPLIST_KEY_UIApplicationSupportsIndirectInputEvents = YES;
				INFOPLIST_KEY_UILaunchScreen_Generation = YES;
				INFOPLIST_KEY_UISupportedInterfaceOrientations_iPad = "UIInterfaceOrientationPortrait UIInterfaceOrientationPortraitUpsideDown UIInterfaceOrientationLandscapeLeft UIInterfaceOrientationLandscapeRight";
				INFOPLIST_KEY_UISupportedInterfaceOrientations_iPhone = "UIInterfaceOrientationPortrait UIInterfaceOrientationLandscapeLeft UIInterfaceOrientationLandscapeRight";
				LD_RUNPATH_SEARCH_PATHS = (
					"$(inherited)",
					"@executable_path/Frameworks",
				);
				MARKETING_VERSION = 1.0;
				PRODUCT_BUNDLE_IDENTIFIER = come.bash.ListOfRecipes;
				PRODUCT_NAME = "$(TARGET_NAME)";
				SWIFT_EMIT_LOC_STRINGS = YES;
				SWIFT_VERSION = 5.0;
				TARGETED_DEVICE_FAMILY = "1,2";
			};
			name = Release;
		};
		C7356FBE2D73E74600204877 /* Debug */ = {
			isa = XCBuildConfiguration;
			buildSettings = {
				BUNDLE_LOADER = "$(TEST_HOST)";
				CODE_SIGN_STYLE = Automatic;
				CURRENT_PROJECT_VERSION = 1;
				GENERATE_INFOPLIST_FILE = YES;
				IPHONEOS_DEPLOYMENT_TARGET = 18.2;
				MARKETING_VERSION = 1.0;
				PRODUCT_BUNDLE_IDENTIFIER = come.bash.ListOfRecipesTests;
				PRODUCT_NAME = "$(TARGET_NAME)";
				SWIFT_EMIT_LOC_STRINGS = NO;
				SWIFT_VERSION = 5.0;
				TARGETED_DEVICE_FAMILY = "1,2";
				TEST_HOST = "$(BUILT_PRODUCTS_DIR)/ListOfRecipes.app/$(BUNDLE_EXECUTABLE_FOLDER_PATH)/ListOfRecipes";
			};
			name = Debug;
		};
		C7356FBF2D73E74600204877 /* Release */ = {
			isa = XCBuildConfiguration;
			buildSettings = {
				BUNDLE_LOADER = "$(TEST_HOST)";
				CODE_SIGN_STYLE = Automatic;
				CURRENT_PROJECT_VERSION = 1;
				GENERATE_INFOPLIST_FILE = YES;
				IPHONEOS_DEPLOYMENT_TARGET = 18.2;
				MARKETING_VERSION = 1.0;
				PRODUCT_BUNDLE_IDENTIFIER = come.bash.ListOfRecipesTests;
				PRODUCT_NAME = "$(TARGET_NAME)";
				SWIFT_EMIT_LOC_STRINGS = NO;
				SWIFT_VERSION = 5.0;
				TARGETED_DEVICE_FAMILY = "1,2";
				TEST_HOST = "$(BUILT_PRODUCTS_DIR)/ListOfRecipes.app/$(BUNDLE_EXECUTABLE_FOLDER_PATH)/ListOfRecipes";
			};
			name = Release;
		};
		C7356FC12D73E74600204877 /* Debug */ = {
			isa = XCBuildConfiguration;
			buildSettings = {
				CODE_SIGN_STYLE = Automatic;
				CURRENT_PROJECT_VERSION = 1;
				GENERATE_INFOPLIST_FILE = YES;
				MARKETING_VERSION = 1.0;
				PRODUCT_BUNDLE_IDENTIFIER = come.bash.ListOfRecipesUITests;
				PRODUCT_NAME = "$(TARGET_NAME)";
				SWIFT_EMIT_LOC_STRINGS = NO;
				SWIFT_VERSION = 5.0;
				TARGETED_DEVICE_FAMILY = "1,2";
				TEST_TARGET_NAME = ListOfRecipes;
			};
			name = Debug;
		};
		C7356FC22D73E74600204877 /* Release */ = {
			isa = XCBuildConfiguration;
			buildSettings = {
				CODE_SIGN_STYLE = Automatic;
				CURRENT_PROJECT_VERSION = 1;
				GENERATE_INFOPLIST_FILE = YES;
				MARKETING_VERSION = 1.0;
				PRODUCT_BUNDLE_IDENTIFIER = come.bash.ListOfRecipesUITests;
				PRODUCT_NAME = "$(TARGET_NAME)";
				SWIFT_EMIT_LOC_STRINGS = NO;
				SWIFT_VERSION = 5.0;
				TARGETED_DEVICE_FAMILY = "1,2";
				TEST_TARGET_NAME = ListOfRecipes;
			};
			name = Release;
		};
/* End XCBuildConfiguration section */

/* Begin XCConfigurationList section */
		C7356F8F2D73E74500204877 /* Build configuration list for PBXProject "ListOfRecipes" */ = {
			isa = XCConfigurationList;
			buildConfigurations = (
				C7356FB82D73E74600204877 /* Debug */,
				C7356FB92D73E74600204877 /* Release */,
			);
			defaultConfigurationIsVisible = 0;
			defaultConfigurationName = Release;
		};
		C7356FBA2D73E74600204877 /* Build configuration list for PBXNativeTarget "ListOfRecipes" */ = {
			isa = XCConfigurationList;
			buildConfigurations = (
				C7356FBB2D73E74600204877 /* Debug */,
				C7356FBC2D73E74600204877 /* Release */,
			);
			defaultConfigurationIsVisible = 0;
			defaultConfigurationName = Release;
		};
		C7356FBD2D73E74600204877 /* Build configuration list for PBXNativeTarget "ListOfRecipesTests" */ = {
			isa = XCConfigurationList;
			buildConfigurations = (
				C7356FBE2D73E74600204877 /* Debug */,
				C7356FBF2D73E74600204877 /* Release */,
			);
			defaultConfigurationIsVisible = 0;
			defaultConfigurationName = Release;
		};
		C7356FC02D73E74600204877 /* Build configuration list for PBXNativeTarget "ListOfRecipesUITests" */ = {
			isa = XCConfigurationList;
			buildConfigurations = (
				C7356FC12D73E74600204877 /* Debug */,
				C7356FC22D73E74600204877 /* Release */,
			);
			defaultConfigurationIsVisible = 0;
			defaultConfigurationName = Release;
		};
/* End XCConfigurationList section */
	};
	rootObject = C7356F8C2D73E74500204877 /* Project object */;
}
